
Microsoft Visual Studio Solution File, Format Version 12.00
# Visual Studio 15
VisualStudioVersion = 15.0.26124.0
MinimumVisualStudioVersion = 15.0.26124.0
Project("{FAE04EC0-301F-11D3-BF4B-00C04F79EFBC}") = "API", "API\API.csproj", "{AB12A9FC-C8D0-4B29-95D5-A45E88DD8D88}"
EndProject
Project("{FAE04EC0-301F-11D3-BF4B-00C04F79EFBC}") = "Application", "Application\Application.csproj", "{169A5C45-FAFE-49FC-9148-142844A91FAC}"
EndProject
Project("{FAE04EC0-301F-11D3-BF4B-00C04F79EFBC}") = "Domain", "Domain\Domain.csproj", "{D8FD6F0D-B34D-4027-A2B9-E29EF3DE56E1}"
EndProject
Project("{FAE04EC0-301F-11D3-BF4B-00C04F79EFBC}") = "Infrastructure", "Infrastructure\Infrastructure.csproj", "{F3338E18-B437-479D-B645-2F696741D374}"
EndProject
Project("{FAE04EC0-301F-11D3-BF4B-00C04F79EFBC}") = "Persistence", "Persistence\Persistence.csproj", "{370B33AD-60A8-4236-8667-897C8738239B}"
EndProject
Global
	GlobalSection(SolutionConfigurationPlatforms) = preSolution
		Debug|Any CPU = Debug|Any CPU
		Debug|x64 = Debug|x64
		Debug|x86 = Debug|x86
		Release|Any CPU = Release|Any CPU
		Release|x64 = Release|x64
		Release|x86 = Release|x86
	EndGlobalSection
	GlobalSection(SolutionProperties) = preSolution
		HideSolutionNode = FALSE
	EndGlobalSection
	GlobalSection(ProjectConfigurationPlatforms) = postSolution
		{AB12A9FC-C8D0-4B29-95D5-A45E88DD8D88}.Debug|Any CPU.ActiveCfg = Debug|Any CPU
		{AB12A9FC-C8D0-4B29-95D5-A45E88DD8D88}.Debug|Any CPU.Build.0 = Debug|Any CPU
		{AB12A9FC-C8D0-4B29-95D5-A45E88DD8D88}.Debug|x64.ActiveCfg = Debug|Any CPU
		{AB12A9FC-C8D0-4B29-95D5-A45E88DD8D88}.Debug|x64.Build.0 = Debug|Any CPU
		{AB12A9FC-C8D0-4B29-95D5-A45E88DD8D88}.Debug|x86.ActiveCfg = Debug|Any CPU
		{AB12A9FC-C8D0-4B29-95D5-A45E88DD8D88}.Debug|x86.Build.0 = Debug|Any CPU
		{AB12A9FC-C8D0-4B29-95D5-A45E88DD8D88}.Release|Any CPU.ActiveCfg = Release|Any CPU
		{AB12A9FC-C8D0-4B29-95D5-A45E88DD8D88}.Release|Any CPU.Build.0 = Release|Any CPU
		{AB12A9FC-C8D0-4B29-95D5-A45E88DD8D88}.Release|x64.ActiveCfg = Release|Any CPU
		{AB12A9FC-C8D0-4B29-95D5-A45E88DD8D88}.Release|x64.Build.0 = Release|Any CPU
		{AB12A9FC-C8D0-4B29-95D5-A45E88DD8D88}.Release|x86.ActiveCfg = Release|Any CPU
		{AB12A9FC-C8D0-4B29-95D5-A45E88DD8D88}.Release|x86.Build.0 = Release|Any CPU
		{169A5C45-FAFE-49FC-9148-142844A91FAC}.Debug|Any CPU.ActiveCfg = Debug|Any CPU
		{169A5C45-FAFE-49FC-9148-142844A91FAC}.Debug|Any CPU.Build.0 = Debug|Any CPU
		{169A5C45-FAFE-49FC-9148-142844A91FAC}.Debug|x64.ActiveCfg = Debug|Any CPU
		{169A5C45-FAFE-49FC-9148-142844A91FAC}.Debug|x64.Build.0 = Debug|Any CPU
		{169A5C45-FAFE-49FC-9148-142844A91FAC}.Debug|x86.ActiveCfg = Debug|Any CPU
		{169A5C45-FAFE-49FC-9148-142844A91FAC}.Debug|x86.Build.0 = Debug|Any CPU
		{169A5C45-FAFE-49FC-9148-142844A91FAC}.Release|Any CPU.ActiveCfg = Release|Any CPU
		{169A5C45-FAFE-49FC-9148-142844A91FAC}.Release|Any CPU.Build.0 = Release|Any CPU
		{169A5C45-FAFE-49FC-9148-142844A91FAC}.Release|x64.ActiveCfg = Release|Any CPU
		{169A5C45-FAFE-49FC-9148-142844A91FAC}.Release|x64.Build.0 = Release|Any CPU
		{169A5C45-FAFE-49FC-9148-142844A91FAC}.Release|x86.ActiveCfg = Release|Any CPU
		{169A5C45-FAFE-49FC-9148-142844A91FAC}.Release|x86.Build.0 = Release|Any CPU
		{D8FD6F0D-B34D-4027-A2B9-E29EF3DE56E1}.Debug|Any CPU.ActiveCfg = Debug|Any CPU
		{D8FD6F0D-B34D-4027-A2B9-E29EF3DE56E1}.Debug|Any CPU.Build.0 = Debug|Any CPU
		{D8FD6F0D-B34D-4027-A2B9-E29EF3DE56E1}.Debug|x64.ActiveCfg = Debug|Any CPU
		{D8FD6F0D-B34D-4027-A2B9-E29EF3DE56E1}.Debug|x64.Build.0 = Debug|Any CPU
		{D8FD6F0D-B34D-4027-A2B9-E29EF3DE56E1}.Debug|x86.ActiveCfg = Debug|Any CPU
		{D8FD6F0D-B34D-4027-A2B9-E29EF3DE56E1}.Debug|x86.Build.0 = Debug|Any CPU
		{D8FD6F0D-B34D-4027-A2B9-E29EF3DE56E1}.Release|Any CPU.ActiveCfg = Release|Any CPU
		{D8FD6F0D-B34D-4027-A2B9-E29EF3DE56E1}.Release|Any CPU.Build.0 = Release|Any CPU
		{D8FD6F0D-B34D-4027-A2B9-E29EF3DE56E1}.Release|x64.ActiveCfg = Release|Any CPU
		{D8FD6F0D-B34D-4027-A2B9-E29EF3DE56E1}.Release|x64.Build.0 = Release|Any CPU
		{D8FD6F0D-B34D-4027-A2B9-E29EF3DE56E1}.Release|x86.ActiveCfg = Release|Any CPU
		{D8FD6F0D-B34D-4027-A2B9-E29EF3DE56E1}.Release|x86.Build.0 = Release|Any CPU
		{F3338E18-B437-479D-B645-2F696741D374}.Debug|Any CPU.ActiveCfg = Debug|Any CPU
		{F3338E18-B437-479D-B645-2F696741D374}.Debug|Any CPU.Build.0 = Debug|Any CPU
		{F3338E18-B437-479D-B645-2F696741D374}.Debug|x64.ActiveCfg = Debug|Any CPU
		{F3338E18-B437-479D-B645-2F696741D374}.Debug|x64.Build.0 = Debug|Any CPU
		{F3338E18-B437-479D-B645-2F696741D374}.Debug|x86.ActiveCfg = Debug|Any CPU
		{F3338E18-B437-479D-B645-2F696741D374}.Debug|x86.Build.0 = Debug|Any CPU
		{F3338E18-B437-479D-B645-2F696741D374}.Release|Any CPU.ActiveCfg = Release|Any CPU
		{F3338E18-B437-479D-B645-2F696741D374}.Release|Any CPU.Build.0 = Release|Any CPU
		{F3338E18-B437-479D-B645-2F696741D374}.Release|x64.ActiveCfg = Release|Any CPU
		{F3338E18-B437-479D-B645-2F696741D374}.Release|x64.Build.0 = Release|Any CPU
		{F3338E18-B437-479D-B645-2F696741D374}.Release|x86.ActiveCfg = Release|Any CPU
		{F3338E18-B437-479D-B645-2F696741D374}.Release|x86.Build.0 = Release|Any CPU
		{370B33AD-60A8-4236-8667-897C8738239B}.Debug|Any CPU.ActiveCfg = Debug|Any CPU
		{370B33AD-60A8-4236-8667-897C8738239B}.Debug|Any CPU.Build.0 = Debug|Any CPU
		{370B33AD-60A8-4236-8667-897C8738239B}.Debug|x64.ActiveCfg = Debug|Any CPU
		{370B33AD-60A8-4236-8667-897C8738239B}.Debug|x64.Build.0 = Debug|Any CPU
		{370B33AD-60A8-4236-8667-897C8738239B}.Debug|x86.ActiveCfg = Debug|Any CPU
		{370B33AD-60A8-4236-8667-897C8738239B}.Debug|x86.Build.0 = Debug|Any CPU
		{370B33AD-60A8-4236-8667-897C8738239B}.Release|Any CPU.ActiveCfg = Release|Any CPU
		{370B33AD-60A8-4236-8667-897C8738239B}.Release|Any CPU.Build.0 = Release|Any CPU
		{370B33AD-60A8-4236-8667-897C8738239B}.Release|x64.ActiveCfg = Release|Any CPU
		{370B33AD-60A8-4236-8667-897C8738239B}.Release|x64.Build.0 = Release|Any CPU
		{370B33AD-60A8-4236-8667-897C8738239B}.Release|x86.ActiveCfg = Release|Any CPU
		{370B33AD-60A8-4236-8667-897C8738239B}.Release|x86.Build.0 = Release|Any CPU
	EndGlobalSection
EndGlobal
